// !$*UTF8*$!
{
	archiveVersion = 1;
	classes = {
	};
	objectVersion = 50;
	objects = {

/* Begin PBXBuildFile section */
		FF10BDAC22B2350100454AD6 /* AppDelegate.m in Sources */ = {isa = PBXBuildFile; fileRef = FF10BDAB22B2350100454AD6 /* AppDelegate.m */; };
		FF10BDAF22B2350100454AD6 /* ViewController.m in Sources */ = {isa = PBXBuildFile; fileRef = FF10BDAE22B2350100454AD6 /* ViewController.m */; };
		FF10BDB222B2350100454AD6 /* Main.storyboard in Resources */ = {isa = PBXBuildFile; fileRef = FF10BDB022B2350100454AD6 /* Main.storyboard */; };
		FF10BDB422B2350D00454AD6 /* Assets.xcassets in Resources */ = {isa = PBXBuildFile; fileRef = FF10BDB322B2350D00454AD6 /* Assets.xcassets */; };
		FF10BDB722B2350D00454AD6 /* LaunchScreen.storyboard in Resources */ = {isa = PBXBuildFile; fileRef = FF10BDB522B2350D00454AD6 /* LaunchScreen.storyboard */; };
		FF10BDBA22B2350D00454AD6 /* main.m in Sources */ = {isa = PBXBuildFile; fileRef = FF10BDB922B2350D00454AD6 /* main.m */; };
/* End PBXBuildFile section */

/* Begin PBXFileReference section */
		FF10BDA722B2350100454AD6 /* SUScreenView.app */ = {isa = PBXFileReference; explicitFileType = wrapper.application; includeInIndex = 0; path = SUScreenView.app; sourceTree = BUILT_PRODUCTS_DIR; };
		FF10BDAA22B2350100454AD6 /* AppDelegate.h */ = {isa = PBXFileReference; lastKnownFileType = sourcecode.c.h; path = AppDelegate.h; sourceTree = "<group>"; };
		FF10BDAB22B2350100454AD6 /* AppDelegate.m */ = {isa = PBXFileReference; lastKnownFileType = sourcecode.c.objc; path = AppDelegate.m; sourceTree = "<group>"; };
		FF10BDAD22B2350100454AD6 /* ViewController.h */ = {isa = PBXFileReference; lastKnownFileType = sourcecode.c.h; path = ViewController.h; sourceTree = "<group>"; };
		FF10BDAE22B2350100454AD6 /* ViewController.m */ = {isa = PBXFileReference; lastKnownFileType = sourcecode.c.objc; path = ViewController.m; sourceTree = "<group>"; };
		FF10BDB122B2350100454AD6 /* Base */ = {isa = PBXFileReference; lastKnownFileType = file.storyboard; name = Base; path = Base.lproj/Main.storyboard; sourceTree = "<group>"; };
		FF10BDB322B2350D00454AD6 /* Assets.xcassets */ = {isa = PBXFileReference; lastKnownFileType = folder.assetcatalog; path = Assets.xcassets; sourceTree = "<group>"; };
		FF10BDB622B2350D00454AD6 /* Base */ = {isa = PBXFileReference; lastKnownFileType = file.storyboard; name = Base; path = Base.lproj/LaunchScreen.storyboard; sourceTree = "<group>"; };
		FF10BDB822B2350D00454AD6 /* Info.plist */ = {isa = PBXFileReference; lastKnownFileType = text.plist.xml; path = Info.plist; sourceTree = "<group>"; };
		FF10BDB922B2350D00454AD6 /* main.m */ = {isa = PBXFileReference; lastKnownFileType = sourcecode.c.objc; path = main.m; sourceTree = "<group>"; };
/* End PBXFileReference section */

/* Begin PBXFrameworksBuildPhase section */
		FF10BDA422B2350100454AD6 /* Frameworks */ = {
			isa = PBXFrameworksBuildPhase;
			buildActionMask = 2147483647;
			files = (
			);
			runOnlyForDeploymentPostprocessing = 0;
		};
/* End PBXFrameworksBuildPhase section */

/* Begin PBXGroup section */
		FF10BD9E22B2350000454AD6 = {
			isa = PBXGroup;
			children = (
				FF10BDA922B2350100454AD6 /* SUScreenView */,
				FF10BDA822B2350100454AD6 /* Products */,
			);
			sourceTree = "<group>";
		};
		FF10BDA822B2350100454AD6 /* Products */ = {
			isa = PBXGroup;
			children = (
				FF10BDA722B2350100454AD6 /* SUScreenView.app */,
			);
			name = Products;
			sourceTree = "<group>";
		};
		FF10BDA922B2350100454AD6 /* SUScreenView */ = {
			isa = PBXGroup;
			children = (
				FF10BDAA22B2350100454AD6 /* AppDelegate.h */,
				FF10BDAB22B2350100454AD6 /* AppDelegate.m */,
				FF10BDAD22B2350100454AD6 /* ViewController.h */,
				FF10BDAE22B2350100454AD6 /* ViewController.m */,
				FF10BDB022B2350100454AD6 /* Main.storyboard */,
				FF10BDB322B2350D00454AD6 /* Assets.xcassets */,
				FF10BDB522B2350D00454AD6 /* LaunchScreen.storyboard */,
				FF10BDB822B2350D00454AD6 /* Info.plist */,
				FF10BDB922B2350D00454AD6 /* main.m */,
			);
			path = SUScreenView;
			sourceTree = "<group>";
		};
/* End PBXGroup section */

/* Begin PBXNativeTarget section */
		FF10BDA622B2350100454AD6 /* SUScreenView */ = {
			isa = PBXNativeTarget;
			buildConfigurationList = FF10BDBD22B2350D00454AD6 /* Build configuration list for PBXNativeTarget "SUScreenView" */;
			buildPhases = (
				FF10BDA322B2350100454AD6 /* Sources */,
				FF10BDA422B2350100454AD6 /* Frameworks */,
				FF10BDA522B2350100454AD6 /* Resources */,
			);
			buildRules = (
			);
			dependencies = (
			);
			name = SUScreenView;
			productName = SUScreenView;
			productReference = FF10BDA722B2350100454AD6 /* SUScreenView.app */;
			productType = "com.apple.product-type.application";
		};
/* End PBXNativeTarget section */

/* Begin PBXProject section */
		FF10BD9F22B2350100454AD6 /* Project object */ = {
			isa = PBXProject;
			attributes = {
				LastUpgradeCheck = 1010;
				ORGANIZATIONNAME = sunq;
				TargetAttributes = {
					FF10BDA622B2350100454AD6 = {
						CreatedOnToolsVersion = 10.1;
					};
				};
			};
			buildConfigurationList = FF10BDA222B2350100454AD6 /* Build configuration list for PBXProject "SUScreenView" */;
			compatibilityVersion = "Xcode 9.3";
			developmentRegion = en;
			hasScannedForEncodings = 0;
			knownRegions = (
				en,
				Base,
			);
			mainGroup = FF10BD9E22B2350000454AD6;
			productRefGroup = FF10BDA822B2350100454AD6 /* Products */;
			projectDirPath = "";
			projectRoot = "";
			targets = (
				FF10BDA622B2350100454AD6 /* SUScreenView */,
			);
		};
/* End PBXProject section */

/* Begin PBXResourcesBuildPhase section */
		FF10BDA522B2350100454AD6 /* Resources */ = {
			isa = PBXResourcesBuildPhase;
			buildActionMask = 2147483647;
			files = (
				FF10BDB722B2350D00454AD6 /* LaunchScreen.storyboard in Resources */,
				FF10BDB422B2350D00454AD6 /* Assets.xcassets in Resources */,
				FF10BDB222B2350100454AD6 /* Main.storyboard in Resources */,
			);
			runOnlyForDeploymentPostprocessing = 0;
		};
/* End PBXResourcesBuildPhase section */

/* Begin PBXSourcesBuildPhase section */
		FF10BDA322B2350100454AD6 /* Sources */ = {
			isa = PBXSourcesBuildPhase;
			buildActionMask = 2147483647;
			files = (
				FF10BDAF22B2350100454AD6 /* ViewController.m in Sources */,
				FF10BDBA22B2350D00454AD6 /* main.m in Sources */,
				FF10BDAC22B2350100454AD6 /* AppDelegate.m in Sources */,
			);
			runOnlyForDeploymentPostprocessing = 0;
		};
/* End PBXSourcesBuildPhase section */

/* Begin PBXVariantGroup section */
		FF10BDB022B2350100454AD6 /* Main.storyboard */ = {
			isa = PBXVariantGroup;
			children = (
				FF10BDB122B2350100454AD6 /* Base */,
			);
			name = Main.storyboard;
			sourceTree = "<group>";
		};
		FF10BDB522B2350D00454AD6 /* LaunchScreen.storyboard */ = {
			isa = PBXVariantGroup;
			children = (
				FF10BDB622B2350D00454AD6 /* Base */,
			);
			name = LaunchScreen.storyboard;
			sourceTree = "<group>";
		};
/* End PBXVariantGroup section */

/* Begin XCBuildConfiguration section */
		FF10BDBB22B2350D00454AD6 /* Debug */ = {
			isa = XCBuildConfiguration;
			buildSettings = {
				ALWAYS_SEARCH_USER_PATHS = NO;
				CLANG_ANALYZER_NONNULL = YES;
				CLANG_ANALYZER_NUMBER_OBJECT_CONVERSION = YES_AGGRESSIVE;
				CLANG_CXX_LANGUAGE_STANDARD = "gnu++14";
				CLANG_CXX_LIBRARY = "libc++";
				CLANG_ENABLE_MODULES = YES;
				CLANG_ENABLE_OBJC_ARC = YES;
				CLANG_ENABLE_OBJC_WEAK = YES;
				CLANG_WARN_BLOCK_CAPTURE_AUTORELEASING = YES;
				CLANG_WARN_BOOL_CONVERSION = YES;
				CLANG_WARN_COMMA = YES;
				CLANG_WARN_CONSTANT_CONVERSION = YES;
				CLANG_WARN_DEPRECATED_OBJC_IMPLEMENTATIONS = YES;
				CLANG_WARN_DIRECT_OBJC_ISA_USAGE = YES_ERROR;
				CLANG_WARN_DOCUMENTATION_COMMENTS = YES;
				CLANG_WARN_EMPTY_BODY = YES;
				CLANG_WARN_ENUM_CONVERSION = YES;
				CLANG_WARN_INFINITE_RECURSION = YES;
				CLANG_WARN_INT_CONVERSION = YES;
				CLANG_WARN_NON_LITERAL_NULL_CONVERSION = YES;
				CLANG_WARN_OBJC_IMPLICIT_RETAIN_SELF = YES;
				CLANG_WARN_OBJC_LITERAL_CONVERSION = YES;
				CLANG_WARN_OBJC_ROOT_CLASS = YES_ERROR;
				CLANG_WARN_RANGE_LOOP_ANALYSIS = YES;
				CLANG_WARN_STRICT_PROTOTYPES = YES;
				CLANG_WARN_SUSPICIOUS_MOVE = YES;
				CLANG_WARN_UNGUARDED_AVAILABILITY = YES_AGGRESSIVE;
				CLANG_WARN_UNREACHABLE_CODE = YES;
				CLANG_WARN__DUPLICATE_METHOD_MATCH = YES;
				CODE_SIGN_IDENTITY = "iPhone Developer";
				COPY_PHASE_STRIP = NO;
				DEBUG_INFORMATION_FORMAT = dwarf;
				ENABLE_STRICT_OBJC_MSGSEND = YES;
				ENABLE_TESTABILITY = YES;
				GCC_C_LANGUAGE_STANDARD = gnu11;
				GCC_DYNAMIC_NO_PIC = NO;
				GCC_NO_COMMON_BLOCKS = YES;
				GCC_OPTIMIZATION_LEVEL = 0;
				GCC_PREPROCESSOR_DEFINITIONS = (
					"DEBUG=1",
					"$(inherited)",
				);
				GCC_WARN_64_TO_32_BIT_CONVERSION = YES;
				GCC_WARN_ABOUT_RETURN_TYPE = YES_ERROR;
				GCC_WARN_UNDECLARED_SELECTOR = YES;
				GCC_WARN_UNINITIALIZED_AUTOS = YES_AGGRESSIVE;
				GCC_WARN_UNUSED_FUNCTION = YES;
				GCC_WARN_UNUSED_VARIABLE = YES;
				IPHONEOS_DEPLOYMENT_TARGET = 12.1;
				MTL_ENABLE_DEBUG_INFO = INCLUDE_SOURCE;
				MTL_FAST_MATH = YES;
				ONLY_ACTIVE_ARCH = YES;
				SDKROOT = iphoneos;
			};
			name = Debug;
		};
		FF10BDBC22B2350D00454AD6 /* Release */ = {
			isa = XCBuildConfiguration;
			buildSettings = {
				ALWAYS_SEARCH_USER_PATHS = NO;
				CLANG_ANALYZER_NONNULL = YES;
				CLANG_ANALYZER_NUMBER_OBJECT_CONVERSION = YES_AGGRESSIVE;
				CLANG_CXX_LANGUAGE_STANDARD = "gnu++14";
				CLANG_CXX_LIBRARY = "libc++";
				CLANG_ENABLE_MODULES = YES;
				CLANG_ENABLE_OBJC_ARC = YES;
				CLANG_ENABLE_OBJC_WEAK = YES;
				CLANG_WARN_BLOCK_CAPTURE_AUTORELEASING = YES;
				CLANG_WARN_BOOL_CONVERSION = YES;
				CLANG_WARN_COMMA = YES;
				CLANG_WARN_CONSTANT_CONVERSION = YES;
				CLANG_WARN_DEPRECATED_OBJC_IMPLEMENTATIONS = YES;
				CLANG_WARN_DIRECT_OBJC_ISA_USAGE = YES_ERROR;
				CLANG_WARN_DOCUMENTATION_COMMENTS = YES;
				CLANG_WARN_EMPTY_BODY = YES;
				CLANG_WARN_ENUM_CONVERSION = YES;
				CLANG_WARN_INFINITE_RECURSION = YES;
				CLANG_WARN_INT_CONVERSION = YES;
				CLANG_WARN_NON_LITERAL_NULL_CONVERSION = YES;
				CLANG_WARN_OBJC_IMPLICIT_RETAIN_SELF = YES;
				CLANG_WARN_OBJC_LITERAL_CONVERSION = YES;
				CLANG_WARN_OBJC_ROOT_CLASS = YES_ERROR;
				CLANG_WARN_RANGE_LOOP_ANALYSIS = YES;
				CLANG_WARN_STRICT_PROTOTYPES = YES;
				CLANG_WARN_SUSPICIOUS_MOVE = YES;
				CLANG_WARN_UNGUARDED_AVAILABILITY = YES_AGGRESSIVE;
				CLANG_WARN_UNREACHABLE_CODE = YES;
				CLANG_WARN__DUPLICATE_METHOD_MATCH = YES;
				CODE_SIGN_IDENTITY = "iPhone Developer";
				COPY_PHASE_STRIP = NO;
				DEBUG_INFORMATION_FORMAT = "dwarf-with-dsym";
				ENABLE_NS_ASSERTIONS = NO;
				ENABLE_STRICT_OBJC_MSGSEND = YES;
				GCC_C_LANGUAGE_STANDARD = gnu11;
				GCC_NO_COMMON_BLOCKS = YES;
				GCC_WARN_64_TO_32_BIT_CONVERSION = YES;
				GCC_WARN_ABOUT_RETURN_TYPE = YES_ERROR;
				GCC_WARN_UNDECLARED_SELECTOR = YES;
				GCC_WARN_UNINITIALIZED_AUTOS = YES_AGGRESSIVE;
				GCC_WARN_UNUSED_FUNCTION = YES;
				GCC_WARN_UNUSED_VARIABLE = YES;
				IPHONEOS_DEPLOYMENT_TARGET = 12.1;
				MTL_ENABLE_DEBUG_INFO = NO;
				MTL_FAST_MATH = YES;
				SDKROOT = iphoneos;
				VALIDATE_PRODUCT = YES;
			};
			name = Release;
		};
		FF10BDBE22B2350D00454AD6 /* Debug */ = {
			isa = XCBuildConfiguration;
			buildSettings = {
				ASSETCATALOG_COMPILER_APPICON_NAME = AppIcon;
				CODE_SIGN_STYLE = Automatic;
				DEVELOPMENT_TEAM = S8ZLJRFRG3;
				INFOPLIST_FILE = SUScreenView/Info.plist;
				LD_RUNPATH_SEARCH_PATHS = (
					"$(inherited)",
					"@executable_path/Frameworks",
				);
				PRODUCT_BUNDLE_IDENTIFIER = sunq.SUScreenView;
				PRODUCT_NAME = "$(TARGET_NAME)";
				TARGETED_DEVICE_FAMILY = "1,2";
			};
			name = Debug;
		};
		FF10BDBF22B2350D00454AD6 /* Release */ = {
			isa = XCBuildConfiguration;
			buildSettings = {
				ASSETCATALOG_COMPILER_APPICON_NAME = AppIcon;
				CODE_SIGN_STYLE = Automatic;
				DEVELOPMENT_TEAM = S8ZLJRFRG3;
				INFOPLIST_FILE = SUScreenView/Info.plist;
				LD_RUNPATH_SEARCH_PATHS = (
					"$(inherited)",
					"@executable_path/Frameworks",
				);
				PRODUCT_BUNDLE_IDENTIFIER = sunq.SUScreenView;
				PRODUCT_NAME = "$(TARGET_NAME)";
				TARGETED_DEVICE_FAMILY = "1,2";
			};
			name = Release;
		};
/* End XCBuildConfiguration section */

/* Begin XCConfigurationList section */
		FF10BDA222B2350100454AD6 /* Build configuration list for PBXProject "SUScreenView" */ = {
			isa = XCConfigurationList;
			buildConfigurations = (
				FF10BDBB22B2350D00454AD6 /* Debug */,
				FF10BDBC22B2350D00454AD6 /* Release */,
			);
			defaultConfigurationIsVisible = 0;
			defaultConfigurationName = Release;
		};
		FF10BDBD22B2350D00454AD6 /* Build configuration list for PBXNativeTarget "SUScreenView" */ = {
			isa = XCConfigurationList;
			buildConfigurations = (
				FF10BDBE22B2350D00454AD6 /* Debug */,
				FF10BDBF22B2350D00454AD6 /* Release */,
			);
			defaultConfigurationIsVisible = 0;
			defaultConfigurationName = Release;
		};
/* End XCConfigurationList section */
	};
	rootObject = FF10BD9F22B2350100454AD6 /* Project object */;
}
