// !$*UTF8*$!
{
	archiveVersion = 1;
	classes = {
	};
	objectVersion = 50;
	objects = {

/* Begin PBXBuildFile section */
		FF10BDAC22B2350100454AD6 /* AppDelegate.m in Sources */ = {isa = PBXBuildFile; fileRef = FF10BDAB22B2350100454AD6 /* AppDelegate.m */; };
		FF10BDAF22B2350100454AD6 /* ViewController.m in Sources */ = {isa = PBXBuildFile; fileRef = FF10BDAE22B2350100454AD6 /* ViewController.m */; };
		FF10BDB222B2350100454AD6 /* Main.storyboard in Resources */ = {isa = PBXBuildFile; fileRef = FF10BDB022B2350100454AD6 /* Main.storyboard */; };
		FF10BDB422B2350D00454AD6 /* Assets.xcassets in Resources */ = {isa = PBXBuildFile; fileRef = FF10BDB322B2350D00454AD6 /* Assets.xcassets */; };
		FF10BDB722B2350D00454AD6 /* LaunchScreen.storyboard in Resources */ = {isa = PBXBuildFile; fileRef = FF10BDB522B2350D00454AD6 /* LaunchScreen.storyboard */; };
		FF10BDBA22B2350D00454AD6 /* main.m in Sources */ = {isa = PBXBuildFile; fileRef = FF10BDB922B2350D00454AD6 /* main.m */; };
		FF751D4322C0770600DB5A9D /* SUCardLabel.m in Sources */ = {isa = PBXBuildFile; fileRef = FF751D4222C0770600DB5A9D /* SUCardLabel.m */; };
		FF77285022BCB1EB00CD53E5 /* IQTextView.m in Sources */ = {isa = PBXBuildFile; fileRef = FF77282F22BCB1EB00CD53E5 /* IQTextView.m */; };
		FF77285122BCB1EB00CD53E5 /* IQToolbar.m in Sources */ = {isa = PBXBuildFile; fileRef = FF77283322BCB1EB00CD53E5 /* IQToolbar.m */; };
		FF77285222BCB1EB00CD53E5 /* IQTitleBarButtonItem.m in Sources */ = {isa = PBXBuildFile; fileRef = FF77283522BCB1EB00CD53E5 /* IQTitleBarButtonItem.m */; };
		FF77285322BCB1EB00CD53E5 /* IQBarButtonItem.m in Sources */ = {isa = PBXBuildFile; fileRef = FF77283622BCB1EB00CD53E5 /* IQBarButtonItem.m */; };
		FF77285422BCB1EB00CD53E5 /* IQUIView+IQKeyboardToolbar.m in Sources */ = {isa = PBXBuildFile; fileRef = FF77283722BCB1EB00CD53E5 /* IQUIView+IQKeyboardToolbar.m */; };
		FF77285522BCB1EB00CD53E5 /* IQPreviousNextView.m in Sources */ = {isa = PBXBuildFile; fileRef = FF77283822BCB1EB00CD53E5 /* IQPreviousNextView.m */; };
		FF77285622BCB1EB00CD53E5 /* IQKeyboardManager.bundle in Resources */ = {isa = PBXBuildFile; fileRef = FF77284022BCB1EB00CD53E5 /* IQKeyboardManager.bundle */; };
		FF77285722BCB1EB00CD53E5 /* IQKeyboardManager.m in Sources */ = {isa = PBXBuildFile; fileRef = FF77284322BCB1EB00CD53E5 /* IQKeyboardManager.m */; };
		FF77285822BCB1EB00CD53E5 /* IQNSArray+Sort.m in Sources */ = {isa = PBXBuildFile; fileRef = FF77284522BCB1EB00CD53E5 /* IQNSArray+Sort.m */; };
		FF77285922BCB1EB00CD53E5 /* IQUITextFieldView+Additions.m in Sources */ = {isa = PBXBuildFile; fileRef = FF77284722BCB1EB00CD53E5 /* IQUITextFieldView+Additions.m */; };
		FF77285A22BCB1EB00CD53E5 /* IQUIScrollView+Additions.m in Sources */ = {isa = PBXBuildFile; fileRef = FF77284822BCB1EB00CD53E5 /* IQUIScrollView+Additions.m */; };
		FF77285B22BCB1EB00CD53E5 /* IQUIView+Hierarchy.m in Sources */ = {isa = PBXBuildFile; fileRef = FF77284922BCB1EB00CD53E5 /* IQUIView+Hierarchy.m */; };
		FF77285C22BCB1EB00CD53E5 /* IQUIViewController+Additions.m in Sources */ = {isa = PBXBuildFile; fileRef = FF77284D22BCB1EB00CD53E5 /* IQUIViewController+Additions.m */; };
		FF77285D22BCB1EB00CD53E5 /* IQKeyboardReturnKeyHandler.m in Sources */ = {isa = PBXBuildFile; fileRef = FF77284F22BCB1EB00CD53E5 /* IQKeyboardReturnKeyHandler.m */; };
		FFA19AF322BA203B00832D2B /* SUTextFiledPicker.m in Sources */ = {isa = PBXBuildFile; fileRef = FFA19AF222BA203B00832D2B /* SUTextFiledPicker.m */; };
		FFE9DE6F22B2728400A0DF8D /* SUScreenConfig.m in Sources */ = {isa = PBXBuildFile; fileRef = FFE9DE6422B2728400A0DF8D /* SUScreenConfig.m */; };
		FFE9DE7222B2728400A0DF8D /* SUScreenView.m in Sources */ = {isa = PBXBuildFile; fileRef = FFE9DE6B22B2728400A0DF8D /* SUScreenView.m */; };
		FFE9DE7322B2728400A0DF8D /* SUScreenOptionCell.m in Sources */ = {isa = PBXBuildFile; fileRef = FFE9DE6E22B2728400A0DF8D /* SUScreenOptionCell.m */; };
/* End PBXBuildFile section */

/* Begin PBXFileReference section */
		FF10BDA722B2350100454AD6 /* SUScreenView.app */ = {isa = PBXFileReference; explicitFileType = wrapper.application; includeInIndex = 0; path = SUScreenView.app; sourceTree = BUILT_PRODUCTS_DIR; };
		FF10BDAA22B2350100454AD6 /* AppDelegate.h */ = {isa = PBXFileReference; lastKnownFileType = sourcecode.c.h; path = AppDelegate.h; sourceTree = "<group>"; };
		FF10BDAB22B2350100454AD6 /* AppDelegate.m */ = {isa = PBXFileReference; lastKnownFileType = sourcecode.c.objc; path = AppDelegate.m; sourceTree = "<group>"; };
		FF10BDAD22B2350100454AD6 /* ViewController.h */ = {isa = PBXFileReference; lastKnownFileType = sourcecode.c.h; path = ViewController.h; sourceTree = "<group>"; };
		FF10BDAE22B2350100454AD6 /* ViewController.m */ = {isa = PBXFileReference; lastKnownFileType = sourcecode.c.objc; path = ViewController.m; sourceTree = "<group>"; };
		FF10BDB122B2350100454AD6 /* Base */ = {isa = PBXFileReference; lastKnownFileType = file.storyboard; name = Base; path = Base.lproj/Main.storyboard; sourceTree = "<group>"; };
		FF10BDB322B2350D00454AD6 /* Assets.xcassets */ = {isa = PBXFileReference; lastKnownFileType = folder.assetcatalog; path = Assets.xcassets; sourceTree = "<group>"; };
		FF10BDB622B2350D00454AD6 /* Base */ = {isa = PBXFileReference; lastKnownFileType = file.storyboard; name = Base; path = Base.lproj/LaunchScreen.storyboard; sourceTree = "<group>"; };
		FF10BDB822B2350D00454AD6 /* Info.plist */ = {isa = PBXFileReference; lastKnownFileType = text.plist.xml; path = Info.plist; sourceTree = "<group>"; };
		FF10BDB922B2350D00454AD6 /* main.m */ = {isa = PBXFileReference; lastKnownFileType = sourcecode.c.objc; path = main.m; sourceTree = "<group>"; };
		FF751D4122C0770600DB5A9D /* SUCardLabel.h */ = {isa = PBXFileReference; lastKnownFileType = sourcecode.c.h; path = SUCardLabel.h; sourceTree = "<group>"; };
		FF751D4222C0770600DB5A9D /* SUCardLabel.m */ = {isa = PBXFileReference; lastKnownFileType = sourcecode.c.objc; path = SUCardLabel.m; sourceTree = "<group>"; };
		FF77282F22BCB1EB00CD53E5 /* IQTextView.m */ = {isa = PBXFileReference; fileEncoding = 4; lastKnownFileType = sourcecode.c.objc; path = IQTextView.m; sourceTree = "<group>"; };
		FF77283022BCB1EB00CD53E5 /* IQTextView.h */ = {isa = PBXFileReference; fileEncoding = 4; lastKnownFileType = sourcecode.c.h; path = IQTextView.h; sourceTree = "<group>"; };
		FF77283222BCB1EB00CD53E5 /* IQUIView+IQKeyboardToolbar.h */ = {isa = PBXFileReference; fileEncoding = 4; lastKnownFileType = sourcecode.c.h; path = "IQUIView+IQKeyboardToolbar.h"; sourceTree = "<group>"; };
		FF77283322BCB1EB00CD53E5 /* IQToolbar.m */ = {isa = PBXFileReference; fileEncoding = 4; lastKnownFileType = sourcecode.c.objc; path = IQToolbar.m; sourceTree = "<group>"; };
		FF77283422BCB1EB00CD53E5 /* IQPreviousNextView.h */ = {isa = PBXFileReference; fileEncoding = 4; lastKnownFileType = sourcecode.c.h; path = IQPreviousNextView.h; sourceTree = "<group>"; };
		FF77283522BCB1EB00CD53E5 /* IQTitleBarButtonItem.m */ = {isa = PBXFileReference; fileEncoding = 4; lastKnownFileType = sourcecode.c.objc; path = IQTitleBarButtonItem.m; sourceTree = "<group>"; };
		FF77283622BCB1EB00CD53E5 /* IQBarButtonItem.m */ = {isa = PBXFileReference; fileEncoding = 4; lastKnownFileType = sourcecode.c.objc; path = IQBarButtonItem.m; sourceTree = "<group>"; };
		FF77283722BCB1EB00CD53E5 /* IQUIView+IQKeyboardToolbar.m */ = {isa = PBXFileReference; fileEncoding = 4; lastKnownFileType = sourcecode.c.objc; path = "IQUIView+IQKeyboardToolbar.m"; sourceTree = "<group>"; };
		FF77283822BCB1EB00CD53E5 /* IQPreviousNextView.m */ = {isa = PBXFileReference; fileEncoding = 4; lastKnownFileType = sourcecode.c.objc; path = IQPreviousNextView.m; sourceTree = "<group>"; };
		FF77283922BCB1EB00CD53E5 /* IQToolbar.h */ = {isa = PBXFileReference; fileEncoding = 4; lastKnownFileType = sourcecode.c.h; path = IQToolbar.h; sourceTree = "<group>"; };
		FF77283A22BCB1EB00CD53E5 /* IQBarButtonItem.h */ = {isa = PBXFileReference; fileEncoding = 4; lastKnownFileType = sourcecode.c.h; path = IQBarButtonItem.h; sourceTree = "<group>"; };
		FF77283B22BCB1EB00CD53E5 /* IQTitleBarButtonItem.h */ = {isa = PBXFileReference; fileEncoding = 4; lastKnownFileType = sourcecode.c.h; path = IQTitleBarButtonItem.h; sourceTree = "<group>"; };
		FF77283D22BCB1EB00CD53E5 /* IQKeyboardManagerConstantsInternal.h */ = {isa = PBXFileReference; fileEncoding = 4; lastKnownFileType = sourcecode.c.h; path = IQKeyboardManagerConstantsInternal.h; sourceTree = "<group>"; };
		FF77283E22BCB1EB00CD53E5 /* IQKeyboardManagerConstants.h */ = {isa = PBXFileReference; fileEncoding = 4; lastKnownFileType = sourcecode.c.h; path = IQKeyboardManagerConstants.h; sourceTree = "<group>"; };
		FF77284022BCB1EB00CD53E5 /* IQKeyboardManager.bundle */ = {isa = PBXFileReference; lastKnownFileType = "wrapper.plug-in"; path = IQKeyboardManager.bundle; sourceTree = "<group>"; };
		FF77284122BCB1EB00CD53E5 /* IQKeyboardReturnKeyHandler.h */ = {isa = PBXFileReference; fileEncoding = 4; lastKnownFileType = sourcecode.c.h; path = IQKeyboardReturnKeyHandler.h; sourceTree = "<group>"; };
		FF77284222BCB1EB00CD53E5 /* IQKeyboardManager.h */ = {isa = PBXFileReference; fileEncoding = 4; lastKnownFileType = sourcecode.c.h; path = IQKeyboardManager.h; sourceTree = "<group>"; };
		FF77284322BCB1EB00CD53E5 /* IQKeyboardManager.m */ = {isa = PBXFileReference; fileEncoding = 4; lastKnownFileType = sourcecode.c.objc; path = IQKeyboardManager.m; sourceTree = "<group>"; };
		FF77284522BCB1EB00CD53E5 /* IQNSArray+Sort.m */ = {isa = PBXFileReference; fileEncoding = 4; lastKnownFileType = sourcecode.c.objc; path = "IQNSArray+Sort.m"; sourceTree = "<group>"; };
		FF77284622BCB1EB00CD53E5 /* IQUIViewController+Additions.h */ = {isa = PBXFileReference; fileEncoding = 4; lastKnownFileType = sourcecode.c.h; path = "IQUIViewController+Additions.h"; sourceTree = "<group>"; };
		FF77284722BCB1EB00CD53E5 /* IQUITextFieldView+Additions.m */ = {isa = PBXFileReference; fileEncoding = 4; lastKnownFileType = sourcecode.c.objc; path = "IQUITextFieldView+Additions.m"; sourceTree = "<group>"; };
		FF77284822BCB1EB00CD53E5 /* IQUIScrollView+Additions.m */ = {isa = PBXFileReference; fileEncoding = 4; lastKnownFileType = sourcecode.c.objc; path = "IQUIScrollView+Additions.m"; sourceTree = "<group>"; };
		FF77284922BCB1EB00CD53E5 /* IQUIView+Hierarchy.m */ = {isa = PBXFileReference; fileEncoding = 4; lastKnownFileType = sourcecode.c.objc; path = "IQUIView+Hierarchy.m"; sourceTree = "<group>"; };
		FF77284A22BCB1EB00CD53E5 /* IQNSArray+Sort.h */ = {isa = PBXFileReference; fileEncoding = 4; lastKnownFileType = sourcecode.c.h; path = "IQNSArray+Sort.h"; sourceTree = "<group>"; };
		FF77284B22BCB1EB00CD53E5 /* IQUIScrollView+Additions.h */ = {isa = PBXFileReference; fileEncoding = 4; lastKnownFileType = sourcecode.c.h; path = "IQUIScrollView+Additions.h"; sourceTree = "<group>"; };
		FF77284C22BCB1EB00CD53E5 /* IQUITextFieldView+Additions.h */ = {isa = PBXFileReference; fileEncoding = 4; lastKnownFileType = sourcecode.c.h; path = "IQUITextFieldView+Additions.h"; sourceTree = "<group>"; };
		FF77284D22BCB1EB00CD53E5 /* IQUIViewController+Additions.m */ = {isa = PBXFileReference; fileEncoding = 4; lastKnownFileType = sourcecode.c.objc; path = "IQUIViewController+Additions.m"; sourceTree = "<group>"; };
		FF77284E22BCB1EB00CD53E5 /* IQUIView+Hierarchy.h */ = {isa = PBXFileReference; fileEncoding = 4; lastKnownFileType = sourcecode.c.h; path = "IQUIView+Hierarchy.h"; sourceTree = "<group>"; };
		FF77284F22BCB1EB00CD53E5 /* IQKeyboardReturnKeyHandler.m */ = {isa = PBXFileReference; fileEncoding = 4; lastKnownFileType = sourcecode.c.objc; path = IQKeyboardReturnKeyHandler.m; sourceTree = "<group>"; };
		FFA19AF122BA203B00832D2B /* SUTextFiledPicker.h */ = {isa = PBXFileReference; lastKnownFileType = sourcecode.c.h; path = SUTextFiledPicker.h; sourceTree = "<group>"; };
		FFA19AF222BA203B00832D2B /* SUTextFiledPicker.m */ = {isa = PBXFileReference; lastKnownFileType = sourcecode.c.objc; path = SUTextFiledPicker.m; sourceTree = "<group>"; };
		FFE9DE6322B2728400A0DF8D /* SUScreenConfig.h */ = {isa = PBXFileReference; fileEncoding = 4; lastKnownFileType = sourcecode.c.h; path = SUScreenConfig.h; sourceTree = "<group>"; };
		FFE9DE6422B2728400A0DF8D /* SUScreenConfig.m */ = {isa = PBXFileReference; fileEncoding = 4; lastKnownFileType = sourcecode.c.objc; path = SUScreenConfig.m; sourceTree = "<group>"; };
		FFE9DE6B22B2728400A0DF8D /* SUScreenView.m */ = {isa = PBXFileReference; fileEncoding = 4; lastKnownFileType = sourcecode.c.objc; path = SUScreenView.m; sourceTree = "<group>"; };
		FFE9DE6C22B2728400A0DF8D /* SUScreenOptionCell.h */ = {isa = PBXFileReference; fileEncoding = 4; lastKnownFileType = sourcecode.c.h; path = SUScreenOptionCell.h; sourceTree = "<group>"; };
		FFE9DE6D22B2728400A0DF8D /* SUScreenView.h */ = {isa = PBXFileReference; fileEncoding = 4; lastKnownFileType = sourcecode.c.h; path = SUScreenView.h; sourceTree = "<group>"; };
		FFE9DE6E22B2728400A0DF8D /* SUScreenOptionCell.m */ = {isa = PBXFileReference; fileEncoding = 4; lastKnownFileType = sourcecode.c.objc; path = SUScreenOptionCell.m; sourceTree = "<group>"; };
/* End PBXFileReference section */

/* Begin PBXFrameworksBuildPhase section */
		FF10BDA422B2350100454AD6 /* Frameworks */ = {
			isa = PBXFrameworksBuildPhase;
			buildActionMask = 2147483647;
			files = (
			);
			runOnlyForDeploymentPostprocessing = 0;
		};
/* End PBXFrameworksBuildPhase section */

/* Begin PBXGroup section */
		FF10BD9E22B2350000454AD6 = {
			isa = PBXGroup;
			children = (
				FF10BDA922B2350100454AD6 /* SUScreenView */,
				FF10BDA822B2350100454AD6 /* Products */,
			);
			sourceTree = "<group>";
		};
		FF10BDA822B2350100454AD6 /* Products */ = {
			isa = PBXGroup;
			children = (
				FF10BDA722B2350100454AD6 /* SUScreenView.app */,
			);
			name = Products;
			sourceTree = "<group>";
		};
		FF10BDA922B2350100454AD6 /* SUScreenView */ = {
			isa = PBXGroup;
			children = (
				FF77282D22BCB1EB00CD53E5 /* IQKeyboardManager */,
				FFE9DE6122B2728400A0DF8D /* SUScreenView */,
				FF10BDC022B2352D00454AD6 /* AppDelegate */,
				FF10BDC122B2353800454AD6 /* Controller */,
				FF10BDC222B2355700454AD6 /* Supporting Files */,
			);
			path = SUScreenView;
			sourceTree = "<group>";
		};
		FF10BDC022B2352D00454AD6 /* AppDelegate */ = {
			isa = PBXGroup;
			children = (
				FF10BDAA22B2350100454AD6 /* AppDelegate.h */,
				FF10BDAB22B2350100454AD6 /* AppDelegate.m */,
			);
			path = AppDelegate;
			sourceTree = "<group>";
		};
		FF10BDC122B2353800454AD6 /* Controller */ = {
			isa = PBXGroup;
			children = (
				FF10BDAD22B2350100454AD6 /* ViewController.h */,
				FF10BDAE22B2350100454AD6 /* ViewController.m */,
			);
			path = Controller;
			sourceTree = "<group>";
		};
		FF10BDC222B2355700454AD6 /* Supporting Files */ = {
			isa = PBXGroup;
			children = (
				FF10BDB022B2350100454AD6 /* Main.storyboard */,
				FF10BDB322B2350D00454AD6 /* Assets.xcassets */,
				FF10BDB522B2350D00454AD6 /* LaunchScreen.storyboard */,
				FF10BDB822B2350D00454AD6 /* Info.plist */,
				FF10BDB922B2350D00454AD6 /* main.m */,
			);
			name = "Supporting Files";
			sourceTree = "<group>";
		};
		FF751D4022C076D100DB5A9D /* SUCardLabel */ = {
			isa = PBXGroup;
			children = (
				FF751D4122C0770600DB5A9D /* SUCardLabel.h */,
				FF751D4222C0770600DB5A9D /* SUCardLabel.m */,
			);
			path = SUCardLabel;
			sourceTree = "<group>";
		};
		FF77282D22BCB1EB00CD53E5 /* IQKeyboardManager */ = {
			isa = PBXGroup;
			children = (
				FF77282E22BCB1EB00CD53E5 /* IQTextView */,
				FF77283122BCB1EB00CD53E5 /* IQToolbar */,
				FF77283C22BCB1EB00CD53E5 /* Constants */,
				FF77283F22BCB1EB00CD53E5 /* Resources */,
				FF77284122BCB1EB00CD53E5 /* IQKeyboardReturnKeyHandler.h */,
				FF77284222BCB1EB00CD53E5 /* IQKeyboardManager.h */,
				FF77284322BCB1EB00CD53E5 /* IQKeyboardManager.m */,
				FF77284422BCB1EB00CD53E5 /* Categories */,
				FF77284F22BCB1EB00CD53E5 /* IQKeyboardReturnKeyHandler.m */,
			);
			path = IQKeyboardManager;
			sourceTree = "<group>";
		};
		FF77282E22BCB1EB00CD53E5 /* IQTextView */ = {
			isa = PBXGroup;
			children = (
				FF77282F22BCB1EB00CD53E5 /* IQTextView.m */,
				FF77283022BCB1EB00CD53E5 /* IQTextView.h */,
			);
			path = IQTextView;
			sourceTree = "<group>";
		};
		FF77283122BCB1EB00CD53E5 /* IQToolbar */ = {
			isa = PBXGroup;
			children = (
				FF77283222BCB1EB00CD53E5 /* IQUIView+IQKeyboardToolbar.h */,
				FF77283322BCB1EB00CD53E5 /* IQToolbar.m */,
				FF77283422BCB1EB00CD53E5 /* IQPreviousNextView.h */,
				FF77283522BCB1EB00CD53E5 /* IQTitleBarButtonItem.m */,
				FF77283622BCB1EB00CD53E5 /* IQBarButtonItem.m */,
				FF77283722BCB1EB00CD53E5 /* IQUIView+IQKeyboardToolbar.m */,
				FF77283822BCB1EB00CD53E5 /* IQPreviousNextView.m */,
				FF77283922BCB1EB00CD53E5 /* IQToolbar.h */,
				FF77283A22BCB1EB00CD53E5 /* IQBarButtonItem.h */,
				FF77283B22BCB1EB00CD53E5 /* IQTitleBarButtonItem.h */,
			);
			path = IQToolbar;
			sourceTree = "<group>";
		};
		FF77283C22BCB1EB00CD53E5 /* Constants */ = {
			isa = PBXGroup;
			children = (
				FF77283D22BCB1EB00CD53E5 /* IQKeyboardManagerConstantsInternal.h */,
				FF77283E22BCB1EB00CD53E5 /* IQKeyboardManagerConstants.h */,
			);
			path = Constants;
			sourceTree = "<group>";
		};
		FF77283F22BCB1EB00CD53E5 /* Resources */ = {
			isa = PBXGroup;
			children = (
				FF77284022BCB1EB00CD53E5 /* IQKeyboardManager.bundle */,
			);
			path = Resources;
			sourceTree = "<group>";
		};
		FF77284422BCB1EB00CD53E5 /* Categories */ = {
			isa = PBXGroup;
			children = (
				FF77284522BCB1EB00CD53E5 /* IQNSArray+Sort.m */,
				FF77284622BCB1EB00CD53E5 /* IQUIViewController+Additions.h */,
				FF77284722BCB1EB00CD53E5 /* IQUITextFieldView+Additions.m */,
				FF77284822BCB1EB00CD53E5 /* IQUIScrollView+Additions.m */,
				FF77284922BCB1EB00CD53E5 /* IQUIView+Hierarchy.m */,
				FF77284A22BCB1EB00CD53E5 /* IQNSArray+Sort.h */,
				FF77284B22BCB1EB00CD53E5 /* IQUIScrollView+Additions.h */,
				FF77284C22BCB1EB00CD53E5 /* IQUITextFieldView+Additions.h */,
				FF77284D22BCB1EB00CD53E5 /* IQUIViewController+Additions.m */,
				FF77284E22BCB1EB00CD53E5 /* IQUIView+Hierarchy.h */,
			);
			path = Categories;
			sourceTree = "<group>";
		};
		FFE9DE6122B2728400A0DF8D /* SUScreenView */ = {
			isa = PBXGroup;
			children = (
				FF751D4022C076D100DB5A9D /* SUCardLabel */,
				FFE9DE6222B2728400A0DF8D /* Config */,
				FFE9DE6522B2728400A0DF8D /* DataPicker */,
				FFE9DE6A22B2728400A0DF8D /* ScreenView */,
			);
			path = SUScreenView;
			sourceTree = "<group>";
		};
		FFE9DE6222B2728400A0DF8D /* Config */ = {
			isa = PBXGroup;
			children = (
				FFE9DE6322B2728400A0DF8D /* SUScreenConfig.h */,
				FFE9DE6422B2728400A0DF8D /* SUScreenConfig.m */,
			);
			path = Config;
			sourceTree = "<group>";
		};
		FFE9DE6522B2728400A0DF8D /* DataPicker */ = {
			isa = PBXGroup;
			children = (
				FFA19AF122BA203B00832D2B /* SUTextFiledPicker.h */,
				FFA19AF222BA203B00832D2B /* SUTextFiledPicker.m */,
			);
			path = DataPicker;
			sourceTree = "<group>";
		};
		FFE9DE6A22B2728400A0DF8D /* ScreenView */ = {
			isa = PBXGroup;
			children = (
				FFE9DE6D22B2728400A0DF8D /* SUScreenView.h */,
				FFE9DE6B22B2728400A0DF8D /* SUScreenView.m */,
				FFE9DE6C22B2728400A0DF8D /* SUScreenOptionCell.h */,
				FFE9DE6E22B2728400A0DF8D /* SUScreenOptionCell.m */,
			);
			path = ScreenView;
			sourceTree = "<group>";
		};
/* End PBXGroup section */

/* Begin PBXNativeTarget section */
		FF10BDA622B2350100454AD6 /* SUScreenView */ = {
			isa = PBXNativeTarget;
			buildConfigurationList = FF10BDBD22B2350D00454AD6 /* Build configuration list for PBXNativeTarget "SUScreenView" */;
			buildPhases = (
				FF10BDA322B2350100454AD6 /* Sources */,
				FF10BDA422B2350100454AD6 /* Frameworks */,
				FF10BDA522B2350100454AD6 /* Resources */,
			);
			buildRules = (
			);
			dependencies = (
			);
			name = SUScreenView;
			productName = SUScreenView;
			productReference = FF10BDA722B2350100454AD6 /* SUScreenView.app */;
			productType = "com.apple.product-type.application";
		};
/* End PBXNativeTarget section */

/* Begin PBXProject section */
		FF10BD9F22B2350100454AD6 /* Project object */ = {
			isa = PBXProject;
			attributes = {
				LastUpgradeCheck = 1010;
				ORGANIZATIONNAME = sunq;
				TargetAttributes = {
					FF10BDA622B2350100454AD6 = {
						CreatedOnToolsVersion = 10.1;
					};
				};
			};
			buildConfigurationList = FF10BDA222B2350100454AD6 /* Build configuration list for PBXProject "SUScreenView" */;
			compatibilityVersion = "Xcode 9.3";
			developmentRegion = en;
			hasScannedForEncodings = 0;
			knownRegions = (
				en,
				Base,
			);
			mainGroup = FF10BD9E22B2350000454AD6;
			productRefGroup = FF10BDA822B2350100454AD6 /* Products */;
			projectDirPath = "";
			projectRoot = "";
			targets = (
				FF10BDA622B2350100454AD6 /* SUScreenView */,
			);
		};
/* End PBXProject section */

/* Begin PBXResourcesBuildPhase section */
		FF10BDA522B2350100454AD6 /* Resources */ = {
			isa = PBXResourcesBuildPhase;
			buildActionMask = 2147483647;
			files = (
				FF10BDB722B2350D00454AD6 /* LaunchScreen.storyboard in Resources */,
				FF10BDB422B2350D00454AD6 /* Assets.xcassets in Resources */,
				FF77285622BCB1EB00CD53E5 /* IQKeyboardManager.bundle in Resources */,
				FF10BDB222B2350100454AD6 /* Main.storyboard in Resources */,
			);
			runOnlyForDeploymentPostprocessing = 0;
		};
/* End PBXResourcesBuildPhase section */

/* Begin PBXSourcesBuildPhase section */
		FF10BDA322B2350100454AD6 /* Sources */ = {
			isa = PBXSourcesBuildPhase;
			buildActionMask = 2147483647;
			files = (
				FFE9DE7322B2728400A0DF8D /* SUScreenOptionCell.m in Sources */,
				FF77285022BCB1EB00CD53E5 /* IQTextView.m in Sources */,
				FF77285322BCB1EB00CD53E5 /* IQBarButtonItem.m in Sources */,
				FF751D4322C0770600DB5A9D /* SUCardLabel.m in Sources */,
				FFA19AF322BA203B00832D2B /* SUTextFiledPicker.m in Sources */,
				FF10BDAF22B2350100454AD6 /* ViewController.m in Sources */,
				FF77285D22BCB1EB00CD53E5 /* IQKeyboardReturnKeyHandler.m in Sources */,
				FFE9DE7222B2728400A0DF8D /* SUScreenView.m in Sources */,
				FF77285222BCB1EB00CD53E5 /* IQTitleBarButtonItem.m in Sources */,
				FF77285422BCB1EB00CD53E5 /* IQUIView+IQKeyboardToolbar.m in Sources */,
				FF77285722BCB1EB00CD53E5 /* IQKeyboardManager.m in Sources */,
				FF77285822BCB1EB00CD53E5 /* IQNSArray+Sort.m in Sources */,
				FF77285C22BCB1EB00CD53E5 /* IQUIViewController+Additions.m in Sources */,
				FF77285522BCB1EB00CD53E5 /* IQPreviousNextView.m in Sources */,
				FF77285122BCB1EB00CD53E5 /* IQToolbar.m in Sources */,
				FFE9DE6F22B2728400A0DF8D /* SUScreenConfig.m in Sources */,
				FF10BDBA22B2350D00454AD6 /* main.m in Sources */,
				FF77285A22BCB1EB00CD53E5 /* IQUIScrollView+Additions.m in Sources */,
				FF77285922BCB1EB00CD53E5 /* IQUITextFieldView+Additions.m in Sources */,
				FF77285B22BCB1EB00CD53E5 /* IQUIView+Hierarchy.m in Sources */,
				FF10BDAC22B2350100454AD6 /* AppDelegate.m in Sources */,
			);
			runOnlyForDeploymentPostprocessing = 0;
		};
/* End PBXSourcesBuildPhase section */

/* Begin PBXVariantGroup section */
		FF10BDB022B2350100454AD6 /* Main.storyboard */ = {
			isa = PBXVariantGroup;
			children = (
				FF10BDB122B2350100454AD6 /* Base */,
			);
			name = Main.storyboard;
			sourceTree = "<group>";
		};
		FF10BDB522B2350D00454AD6 /* LaunchScreen.storyboard */ = {
			isa = PBXVariantGroup;
			children = (
				FF10BDB622B2350D00454AD6 /* Base */,
			);
			name = LaunchScreen.storyboard;
			sourceTree = "<group>";
		};
/* End PBXVariantGroup section */

/* Begin XCBuildConfiguration section */
		FF10BDBB22B2350D00454AD6 /* Debug */ = {
			isa = XCBuildConfiguration;
			buildSettings = {
				ALWAYS_SEARCH_USER_PATHS = NO;
				CLANG_ANALYZER_NONNULL = YES;
				CLANG_ANALYZER_NUMBER_OBJECT_CONVERSION = YES_AGGRESSIVE;
				CLANG_CXX_LANGUAGE_STANDARD = "gnu++14";
				CLANG_CXX_LIBRARY = "libc++";
				CLANG_ENABLE_MODULES = YES;
				CLANG_ENABLE_OBJC_ARC = YES;
				CLANG_ENABLE_OBJC_WEAK = YES;
				CLANG_WARN_BLOCK_CAPTURE_AUTORELEASING = YES;
				CLANG_WARN_BOOL_CONVERSION = YES;
				CLANG_WARN_COMMA = YES;
				CLANG_WARN_CONSTANT_CONVERSION = YES;
				CLANG_WARN_DEPRECATED_OBJC_IMPLEMENTATIONS = YES;
				CLANG_WARN_DIRECT_OBJC_ISA_USAGE = YES_ERROR;
				CLANG_WARN_DOCUMENTATION_COMMENTS = YES;
				CLANG_WARN_EMPTY_BODY = YES;
				CLANG_WARN_ENUM_CONVERSION = YES;
				CLANG_WARN_INFINITE_RECURSION = YES;
				CLANG_WARN_INT_CONVERSION = YES;
				CLANG_WARN_NON_LITERAL_NULL_CONVERSION = YES;
				CLANG_WARN_OBJC_IMPLICIT_RETAIN_SELF = YES;
				CLANG_WARN_OBJC_LITERAL_CONVERSION = YES;
				CLANG_WARN_OBJC_ROOT_CLASS = YES_ERROR;
				CLANG_WARN_RANGE_LOOP_ANALYSIS = YES;
				CLANG_WARN_STRICT_PROTOTYPES = YES;
				CLANG_WARN_SUSPICIOUS_MOVE = YES;
				CLANG_WARN_UNGUARDED_AVAILABILITY = YES_AGGRESSIVE;
				CLANG_WARN_UNREACHABLE_CODE = YES;
				CLANG_WARN__DUPLICATE_METHOD_MATCH = YES;
				CODE_SIGN_IDENTITY = "iPhone Developer";
				COPY_PHASE_STRIP = NO;
				DEBUG_INFORMATION_FORMAT = dwarf;
				ENABLE_STRICT_OBJC_MSGSEND = YES;
				ENABLE_TESTABILITY = YES;
				GCC_C_LANGUAGE_STANDARD = gnu11;
				GCC_DYNAMIC_NO_PIC = NO;
				GCC_NO_COMMON_BLOCKS = YES;
				GCC_OPTIMIZATION_LEVEL = 0;
				GCC_PREPROCESSOR_DEFINITIONS = (
					"DEBUG=1",
					"$(inherited)",
				);
				GCC_WARN_64_TO_32_BIT_CONVERSION = YES;
				GCC_WARN_ABOUT_RETURN_TYPE = YES_ERROR;
				GCC_WARN_UNDECLARED_SELECTOR = YES;
				GCC_WARN_UNINITIALIZED_AUTOS = YES_AGGRESSIVE;
				GCC_WARN_UNUSED_FUNCTION = YES;
				GCC_WARN_UNUSED_VARIABLE = YES;
				IPHONEOS_DEPLOYMENT_TARGET = 12.1;
				MTL_ENABLE_DEBUG_INFO = INCLUDE_SOURCE;
				MTL_FAST_MATH = YES;
				ONLY_ACTIVE_ARCH = YES;
				SDKROOT = iphoneos;
			};
			name = Debug;
		};
		FF10BDBC22B2350D00454AD6 /* Release */ = {
			isa = XCBuildConfiguration;
			buildSettings = {
				ALWAYS_SEARCH_USER_PATHS = NO;
				CLANG_ANALYZER_NONNULL = YES;
				CLANG_ANALYZER_NUMBER_OBJECT_CONVERSION = YES_AGGRESSIVE;
				CLANG_CXX_LANGUAGE_STANDARD = "gnu++14";
				CLANG_CXX_LIBRARY = "libc++";
				CLANG_ENABLE_MODULES = YES;
				CLANG_ENABLE_OBJC_ARC = YES;
				CLANG_ENABLE_OBJC_WEAK = YES;
				CLANG_WARN_BLOCK_CAPTURE_AUTORELEASING = YES;
				CLANG_WARN_BOOL_CONVERSION = YES;
				CLANG_WARN_COMMA = YES;
				CLANG_WARN_CONSTANT_CONVERSION = YES;
				CLANG_WARN_DEPRECATED_OBJC_IMPLEMENTATIONS = YES;
				CLANG_WARN_DIRECT_OBJC_ISA_USAGE = YES_ERROR;
				CLANG_WARN_DOCUMENTATION_COMMENTS = YES;
				CLANG_WARN_EMPTY_BODY = YES;
				CLANG_WARN_ENUM_CONVERSION = YES;
				CLANG_WARN_INFINITE_RECURSION = YES;
				CLANG_WARN_INT_CONVERSION = YES;
				CLANG_WARN_NON_LITERAL_NULL_CONVERSION = YES;
				CLANG_WARN_OBJC_IMPLICIT_RETAIN_SELF = YES;
				CLANG_WARN_OBJC_LITERAL_CONVERSION = YES;
				CLANG_WARN_OBJC_ROOT_CLASS = YES_ERROR;
				CLANG_WARN_RANGE_LOOP_ANALYSIS = YES;
				CLANG_WARN_STRICT_PROTOTYPES = YES;
				CLANG_WARN_SUSPICIOUS_MOVE = YES;
				CLANG_WARN_UNGUARDED_AVAILABILITY = YES_AGGRESSIVE;
				CLANG_WARN_UNREACHABLE_CODE = YES;
				CLANG_WARN__DUPLICATE_METHOD_MATCH = YES;
				CODE_SIGN_IDENTITY = "iPhone Developer";
				COPY_PHASE_STRIP = NO;
				DEBUG_INFORMATION_FORMAT = "dwarf-with-dsym";
				ENABLE_NS_ASSERTIONS = NO;
				ENABLE_STRICT_OBJC_MSGSEND = YES;
				GCC_C_LANGUAGE_STANDARD = gnu11;
				GCC_NO_COMMON_BLOCKS = YES;
				GCC_WARN_64_TO_32_BIT_CONVERSION = YES;
				GCC_WARN_ABOUT_RETURN_TYPE = YES_ERROR;
				GCC_WARN_UNDECLARED_SELECTOR = YES;
				GCC_WARN_UNINITIALIZED_AUTOS = YES_AGGRESSIVE;
				GCC_WARN_UNUSED_FUNCTION = YES;
				GCC_WARN_UNUSED_VARIABLE = YES;
				IPHONEOS_DEPLOYMENT_TARGET = 12.1;
				MTL_ENABLE_DEBUG_INFO = NO;
				MTL_FAST_MATH = YES;
				SDKROOT = iphoneos;
				VALIDATE_PRODUCT = YES;
			};
			name = Release;
		};
		FF10BDBE22B2350D00454AD6 /* Debug */ = {
			isa = XCBuildConfiguration;
			buildSettings = {
				ASSETCATALOG_COMPILER_APPICON_NAME = AppIcon;
				CODE_SIGN_STYLE = Automatic;
				DEVELOPMENT_TEAM = S8ZLJRFRG3;
				INFOPLIST_FILE = SUScreenView/Info.plist;
				LD_RUNPATH_SEARCH_PATHS = (
					"$(inherited)",
					"@executable_path/Frameworks",
				);
				PRODUCT_BUNDLE_IDENTIFIER = sunq.SUScreenView;
				PRODUCT_NAME = "$(TARGET_NAME)";
				TARGETED_DEVICE_FAMILY = "1,2";
			};
			name = Debug;
		};
		FF10BDBF22B2350D00454AD6 /* Release */ = {
			isa = XCBuildConfiguration;
			buildSettings = {
				ASSETCATALOG_COMPILER_APPICON_NAME = AppIcon;
				CODE_SIGN_STYLE = Automatic;
				DEVELOPMENT_TEAM = S8ZLJRFRG3;
				INFOPLIST_FILE = SUScreenView/Info.plist;
				LD_RUNPATH_SEARCH_PATHS = (
					"$(inherited)",
					"@executable_path/Frameworks",
				);
				PRODUCT_BUNDLE_IDENTIFIER = sunq.SUScreenView;
				PRODUCT_NAME = "$(TARGET_NAME)";
				TARGETED_DEVICE_FAMILY = "1,2";
			};
			name = Release;
		};
/* End XCBuildConfiguration section */

/* Begin XCConfigurationList section */
		FF10BDA222B2350100454AD6 /* Build configuration list for PBXProject "SUScreenView" */ = {
			isa = XCConfigurationList;
			buildConfigurations = (
				FF10BDBB22B2350D00454AD6 /* Debug */,
				FF10BDBC22B2350D00454AD6 /* Release */,
			);
			defaultConfigurationIsVisible = 0;
			defaultConfigurationName = Release;
		};
		FF10BDBD22B2350D00454AD6 /* Build configuration list for PBXNativeTarget "SUScreenView" */ = {
			isa = XCConfigurationList;
			buildConfigurations = (
				FF10BDBE22B2350D00454AD6 /* Debug */,
				FF10BDBF22B2350D00454AD6 /* Release */,
			);
			defaultConfigurationIsVisible = 0;
			defaultConfigurationName = Release;
		};
/* End XCConfigurationList section */
	};
	rootObject = FF10BD9F22B2350100454AD6 /* Project object */;
}
